
Microsoft Visual Studio Solution File, Format Version 12.00
# Visual Studio Version 17
VisualStudioVersion = 17.0.31903.59
MinimumVisualStudioVersion = 10.0.40219.1
Project("{FAE04EC0-301F-11D3-BF4B-00C04F79EFBC}") = "eCommerce.Inventory.Domain", "eCommerce.Inventory.Domain\eCommerce.Inventory.Domain.csproj", "{9E120D4A-471C-439A-AC79-2BD0D3FCBCAE}"
EndProject
Project("{FAE04EC0-301F-11D3-BF4B-00C04F79EFBC}") = "eCommerce.Inventory.Application", "eCommerce.Inventory.Application\eCommerce.Inventory.Application.csproj", "{CAA20DF3-8763-4C08-BF86-0BFB656F72A1}"
EndProject
Project("{FAE04EC0-301F-11D3-BF4B-00C04F79EFBC}") = "eCommerce.Inventory.Infrastructure", "eCommerce.Inventory.Infrastructure\eCommerce.Inventory.Infrastructure.csproj", "{365397AE-D152-4EB3-A3FC-DB66699F1D67}"
EndProject
Project("{FAE04EC0-301F-11D3-BF4B-00C04F79EFBC}") = "eCommerce.Inventory.Api", "eCommerce.Inventory.Api\eCommerce.Inventory.Api.csproj", "{A4500C3B-6F14-4BF6-928B-E6DCA1C0DCB3}"
EndProject
Global
	GlobalSection(SolutionConfigurationPlatforms) = preSolution
		Debug|Any CPU = Debug|Any CPU
		Debug|x64 = Debug|x64
		Debug|x86 = Debug|x86
		Release|Any CPU = Release|Any CPU
		Release|x64 = Release|x64
		Release|x86 = Release|x86
	EndGlobalSection
	GlobalSection(ProjectConfigurationPlatforms) = postSolution
		{9E120D4A-471C-439A-AC79-2BD0D3FCBCAE}.Debug|Any CPU.ActiveCfg = Debug|Any CPU
		{9E120D4A-471C-439A-AC79-2BD0D3FCBCAE}.Debug|Any CPU.Build.0 = Debug|Any CPU
		{9E120D4A-471C-439A-AC79-2BD0D3FCBCAE}.Debug|x64.ActiveCfg = Debug|Any CPU
		{9E120D4A-471C-439A-AC79-2BD0D3FCBCAE}.Debug|x64.Build.0 = Debug|Any CPU
		{9E120D4A-471C-439A-AC79-2BD0D3FCBCAE}.Debug|x86.ActiveCfg = Debug|Any CPU
		{9E120D4A-471C-439A-AC79-2BD0D3FCBCAE}.Debug|x86.Build.0 = Debug|Any CPU
		{9E120D4A-471C-439A-AC79-2BD0D3FCBCAE}.Release|Any CPU.ActiveCfg = Release|Any CPU
		{9E120D4A-471C-439A-AC79-2BD0D3FCBCAE}.Release|Any CPU.Build.0 = Release|Any CPU
		{9E120D4A-471C-439A-AC79-2BD0D3FCBCAE}.Release|x64.ActiveCfg = Release|Any CPU
		{9E120D4A-471C-439A-AC79-2BD0D3FCBCAE}.Release|x64.Build.0 = Release|Any CPU
		{9E120D4A-471C-439A-AC79-2BD0D3FCBCAE}.Release|x86.ActiveCfg = Release|Any CPU
		{9E120D4A-471C-439A-AC79-2BD0D3FCBCAE}.Release|x86.Build.0 = Release|Any CPU
		{CAA20DF3-8763-4C08-BF86-0BFB656F72A1}.Debug|Any CPU.ActiveCfg = Debug|Any CPU
		{CAA20DF3-8763-4C08-BF86-0BFB656F72A1}.Debug|Any CPU.Build.0 = Debug|Any CPU
		{CAA20DF3-8763-4C08-BF86-0BFB656F72A1}.Debug|x64.ActiveCfg = Debug|Any CPU
		{CAA20DF3-8763-4C08-BF86-0BFB656F72A1}.Debug|x64.Build.0 = Debug|Any CPU
		{CAA20DF3-8763-4C08-BF86-0BFB656F72A1}.Debug|x86.ActiveCfg = Debug|Any CPU
		{CAA20DF3-8763-4C08-BF86-0BFB656F72A1}.Debug|x86.Build.0 = Debug|Any CPU
		{CAA20DF3-8763-4C08-BF86-0BFB656F72A1}.Release|Any CPU.ActiveCfg = Release|Any CPU
		{CAA20DF3-8763-4C08-BF86-0BFB656F72A1}.Release|Any CPU.Build.0 = Release|Any CPU
		{CAA20DF3-8763-4C08-BF86-0BFB656F72A1}.Release|x64.ActiveCfg = Release|Any CPU
		{CAA20DF3-8763-4C08-BF86-0BFB656F72A1}.Release|x64.Build.0 = Release|Any CPU
		{CAA20DF3-8763-4C08-BF86-0BFB656F72A1}.Release|x86.ActiveCfg = Release|Any CPU
		{CAA20DF3-8763-4C08-BF86-0BFB656F72A1}.Release|x86.Build.0 = Release|Any CPU
		{365397AE-D152-4EB3-A3FC-DB66699F1D67}.Debug|Any CPU.ActiveCfg = Debug|Any CPU
		{365397AE-D152-4EB3-A3FC-DB66699F1D67}.Debug|Any CPU.Build.0 = Debug|Any CPU
		{365397AE-D152-4EB3-A3FC-DB66699F1D67}.Debug|x64.ActiveCfg = Debug|Any CPU
		{365397AE-D152-4EB3-A3FC-DB66699F1D67}.Debug|x64.Build.0 = Debug|Any CPU
		{365397AE-D152-4EB3-A3FC-DB66699F1D67}.Debug|x86.ActiveCfg = Debug|Any CPU
		{365397AE-D152-4EB3-A3FC-DB66699F1D67}.Debug|x86.Build.0 = Debug|Any CPU
		{365397AE-D152-4EB3-A3FC-DB66699F1D67}.Release|Any CPU.ActiveCfg = Release|Any CPU
		{365397AE-D152-4EB3-A3FC-DB66699F1D67}.Release|Any CPU.Build.0 = Release|Any CPU
		{365397AE-D152-4EB3-A3FC-DB66699F1D67}.Release|x64.ActiveCfg = Release|Any CPU
		{365397AE-D152-4EB3-A3FC-DB66699F1D67}.Release|x64.Build.0 = Release|Any CPU
		{365397AE-D152-4EB3-A3FC-DB66699F1D67}.Release|x86.ActiveCfg = Release|Any CPU
		{365397AE-D152-4EB3-A3FC-DB66699F1D67}.Release|x86.Build.0 = Release|Any CPU
		{A4500C3B-6F14-4BF6-928B-E6DCA1C0DCB3}.Debug|Any CPU.ActiveCfg = Debug|Any CPU
		{A4500C3B-6F14-4BF6-928B-E6DCA1C0DCB3}.Debug|Any CPU.Build.0 = Debug|Any CPU
		{A4500C3B-6F14-4BF6-928B-E6DCA1C0DCB3}.Debug|x64.ActiveCfg = Debug|Any CPU
		{A4500C3B-6F14-4BF6-928B-E6DCA1C0DCB3}.Debug|x64.Build.0 = Debug|Any CPU
		{A4500C3B-6F14-4BF6-928B-E6DCA1C0DCB3}.Debug|x86.ActiveCfg = Debug|Any CPU
		{A4500C3B-6F14-4BF6-928B-E6DCA1C0DCB3}.Debug|x86.Build.0 = Debug|Any CPU
		{A4500C3B-6F14-4BF6-928B-E6DCA1C0DCB3}.Release|Any CPU.ActiveCfg = Release|Any CPU
		{A4500C3B-6F14-4BF6-928B-E6DCA1C0DCB3}.Release|Any CPU.Build.0 = Release|Any CPU
		{A4500C3B-6F14-4BF6-928B-E6DCA1C0DCB3}.Release|x64.ActiveCfg = Release|Any CPU
		{A4500C3B-6F14-4BF6-928B-E6DCA1C0DCB3}.Release|x64.Build.0 = Release|Any CPU
		{A4500C3B-6F14-4BF6-928B-E6DCA1C0DCB3}.Release|x86.ActiveCfg = Release|Any CPU
		{A4500C3B-6F14-4BF6-928B-E6DCA1C0DCB3}.Release|x86.Build.0 = Release|Any CPU
	EndGlobalSection
	GlobalSection(SolutionProperties) = preSolution
		HideSolutionNode = FALSE
	EndGlobalSection
EndGlobal
